
Microsoft Visual Studio Solution File, Format Version 12.00
# Visual Studio Version 17
VisualStudioVersion = 17.0.32112.339
MinimumVisualStudioVersion = 10.0.40219.1
Project("{9A19103F-16F7-4668-BE54-9A1E7A4F7556}") = "kampİntro", "kampİntro\kampİntro.csproj", "{27186953-738C-4A81-95F3-7D5DFBEA7761}"
EndProject
Project("{9A19103F-16F7-4668-BE54-9A1E7A4F7556}") = "Donguler", "Donguler\Donguler.csproj", "{8B2109FA-1D8D-48EC-9E95-8A393057CA3F}"
EndProject
Project("{9A19103F-16F7-4668-BE54-9A1E7A4F7556}") = "classIntro", "classIntro\classIntro.csproj", "{BC2DD583-9FE5-459C-85F6-48F2802CE0BF}"
EndProject
Project("{9A19103F-16F7-4668-BE54-9A1E7A4F7556}") = "odev6_03.02.2022", "odev6_03.02.2022\odev6_03.02.2022.csproj", "{26E0AC7D-FD71-4CFE-9189-4449F54F8734}"
EndProject
Project("{9A19103F-16F7-4668-BE54-9A1E7A4F7556}") = "methods", "methods\methods.csproj", "{3A89EF87-E03B-408A-BE0A-4BDE745A83A8}"
EndProject
Project("{FAE04EC0-301F-11D3-BF4B-00C04F79EFBC}") = "matematik", "matematik\matematik.csproj", "{0435B573-6400-4A59-A69E-C3C99897AD3C}"
EndProject
Project("{FAE04EC0-301F-11D3-BF4B-00C04F79EFBC}") = "DegerVeReferansTipler", "DegerVeReferansTipler\DegerVeReferansTipler.csproj", "{6BD89E4B-2C3A-47F3-AEC4-95AD9495C6F2}"
EndProject
Global
	GlobalSection(SolutionConfigurationPlatforms) = preSolution
		Debug|Any CPU = Debug|Any CPU
		Release|Any CPU = Release|Any CPU
	EndGlobalSection
	GlobalSection(ProjectConfigurationPlatforms) = postSolution
		{27186953-738C-4A81-95F3-7D5DFBEA7761}.Debug|Any CPU.ActiveCfg = Debug|Any CPU
		{27186953-738C-4A81-95F3-7D5DFBEA7761}.Debug|Any CPU.Build.0 = Debug|Any CPU
		{27186953-738C-4A81-95F3-7D5DFBEA7761}.Release|Any CPU.ActiveCfg = Release|Any CPU
		{27186953-738C-4A81-95F3-7D5DFBEA7761}.Release|Any CPU.Build.0 = Release|Any CPU
		{8B2109FA-1D8D-48EC-9E95-8A393057CA3F}.Debug|Any CPU.ActiveCfg = Debug|Any CPU
		{8B2109FA-1D8D-48EC-9E95-8A393057CA3F}.Debug|Any CPU.Build.0 = Debug|Any CPU
		{8B2109FA-1D8D-48EC-9E95-8A393057CA3F}.Release|Any CPU.ActiveCfg = Release|Any CPU
		{8B2109FA-1D8D-48EC-9E95-8A393057CA3F}.Release|Any CPU.Build.0 = Release|Any CPU
		{BC2DD583-9FE5-459C-85F6-48F2802CE0BF}.Debug|Any CPU.ActiveCfg = Debug|Any CPU
		{BC2DD583-9FE5-459C-85F6-48F2802CE0BF}.Debug|Any CPU.Build.0 = Debug|Any CPU
		{BC2DD583-9FE5-459C-85F6-48F2802CE0BF}.Release|Any CPU.ActiveCfg = Release|Any CPU
		{BC2DD583-9FE5-459C-85F6-48F2802CE0BF}.Release|Any CPU.Build.0 = Release|Any CPU
		{26E0AC7D-FD71-4CFE-9189-4449F54F8734}.Debug|Any CPU.ActiveCfg = Debug|Any CPU
		{26E0AC7D-FD71-4CFE-9189-4449F54F8734}.Debug|Any CPU.Build.0 = Debug|Any CPU
		{26E0AC7D-FD71-4CFE-9189-4449F54F8734}.Release|Any CPU.ActiveCfg = Release|Any CPU
		{26E0AC7D-FD71-4CFE-9189-4449F54F8734}.Release|Any CPU.Build.0 = Release|Any CPU
		{3A89EF87-E03B-408A-BE0A-4BDE745A83A8}.Debug|Any CPU.ActiveCfg = Debug|Any CPU
		{3A89EF87-E03B-408A-BE0A-4BDE745A83A8}.Debug|Any CPU.Build.0 = Debug|Any CPU
		{3A89EF87-E03B-408A-BE0A-4BDE745A83A8}.Release|Any CPU.ActiveCfg = Release|Any CPU
		{3A89EF87-E03B-408A-BE0A-4BDE745A83A8}.Release|Any CPU.Build.0 = Release|Any CPU
		{0435B573-6400-4A59-A69E-C3C99897AD3C}.Debug|Any CPU.ActiveCfg = Debug|Any CPU
		{0435B573-6400-4A59-A69E-C3C99897AD3C}.Debug|Any CPU.Build.0 = Debug|Any CPU
		{0435B573-6400-4A59-A69E-C3C99897AD3C}.Release|Any CPU.ActiveCfg = Release|Any CPU
		{0435B573-6400-4A59-A69E-C3C99897AD3C}.Release|Any CPU.Build.0 = Release|Any CPU
		{6BD89E4B-2C3A-47F3-AEC4-95AD9495C6F2}.Debug|Any CPU.ActiveCfg = Debug|Any CPU
		{6BD89E4B-2C3A-47F3-AEC4-95AD9495C6F2}.Debug|Any CPU.Build.0 = Debug|Any CPU
		{6BD89E4B-2C3A-47F3-AEC4-95AD9495C6F2}.Release|Any CPU.ActiveCfg = Release|Any CPU
		{6BD89E4B-2C3A-47F3-AEC4-95AD9495C6F2}.Release|Any CPU.Build.0 = Release|Any CPU
	EndGlobalSection
	GlobalSection(SolutionProperties) = preSolution
		HideSolutionNode = FALSE
	EndGlobalSection
	GlobalSection(ExtensibilityGlobals) = postSolution
		SolutionGuid = {96FB7A1E-B2B4-43A7-B541-69F0C5761E6E}
	EndGlobalSection
EndGlobal
